// !$*UTF8*$!
{
	archiveVersion = 1;
	classes = {
	};
	objectVersion = 48;
	objects = {

/* Begin PBXBuildFile section */
		5C000BD720491A31004F5EB5 /* AppDelegate.swift in Sources */ = {isa = PBXBuildFile; fileRef = 5C000BD620491A31004F5EB5 /* AppDelegate.swift */; };
		5C000BD920491A31004F5EB5 /* ViewController.swift in Sources */ = {isa = PBXBuildFile; fileRef = 5C000BD820491A31004F5EB5 /* ViewController.swift */; };
		5C000BDC20491A31004F5EB5 /* Main.storyboard in Resources */ = {isa = PBXBuildFile; fileRef = 5C000BDA20491A31004F5EB5 /* Main.storyboard */; };
		5C000BDE20491A31004F5EB5 /* Assets.xcassets in Resources */ = {isa = PBXBuildFile; fileRef = 5C000BDD20491A31004F5EB5 /* Assets.xcassets */; };
		5C000BE120491A31004F5EB5 /* LaunchScreen.storyboard in Resources */ = {isa = PBXBuildFile; fileRef = 5C000BDF20491A31004F5EB5 /* LaunchScreen.storyboard */; };
		5C000BEC20491A31004F5EB5 /* WorldTrotterTests.swift in Sources */ = {isa = PBXBuildFile; fileRef = 5C000BEB20491A31004F5EB5 /* WorldTrotterTests.swift */; };
		5C000BF720491A31004F5EB5 /* WorldTrotterUITests.swift in Sources */ = {isa = PBXBuildFile; fileRef = 5C000BF620491A31004F5EB5 /* WorldTrotterUITests.swift */; };
/* End PBXBuildFile section */

/* Begin PBXContainerItemProxy section */
		5C000BE820491A31004F5EB5 /* PBXContainerItemProxy */ = {
			isa = PBXContainerItemProxy;
			containerPortal = 5C000BCB20491A31004F5EB5 /* Project object */;
			proxyType = 1;
			remoteGlobalIDString = 5C000BD220491A31004F5EB5;
			remoteInfo = WorldTrotter;
		};
		5C000BF320491A31004F5EB5 /* PBXContainerItemProxy */ = {
			isa = PBXContainerItemProxy;
			containerPortal = 5C000BCB20491A31004F5EB5 /* Project object */;
			proxyType = 1;
			remoteGlobalIDString = 5C000BD220491A31004F5EB5;
			remoteInfo = WorldTrotter;
		};
/* End PBXContainerItemProxy section */

/* Begin PBXFileReference section */
		5C000BD320491A31004F5EB5 /* WorldTrotter.app */ = {isa = PBXFileReference; explicitFileType = wrapper.application; includeInIndex = 0; path = WorldTrotter.app; sourceTree = BUILT_PRODUCTS_DIR; };
		5C000BD620491A31004F5EB5 /* AppDelegate.swift */ = {isa = PBXFileReference; lastKnownFileType = sourcecode.swift; path = AppDelegate.swift; sourceTree = "<group>"; };
		5C000BD820491A31004F5EB5 /* ViewController.swift */ = {isa = PBXFileReference; lastKnownFileType = sourcecode.swift; path = ViewController.swift; sourceTree = "<group>"; };
		5C000BDB20491A31004F5EB5 /* Base */ = {isa = PBXFileReference; lastKnownFileType = file.storyboard; name = Base; path = Base.lproj/Main.storyboard; sourceTree = "<group>"; };
		5C000BDD20491A31004F5EB5 /* Assets.xcassets */ = {isa = PBXFileReference; lastKnownFileType = folder.assetcatalog; path = Assets.xcassets; sourceTree = "<group>"; };
		5C000BE020491A31004F5EB5 /* Base */ = {isa = PBXFileReference; lastKnownFileType = file.storyboard; name = Base; path = Base.lproj/LaunchScreen.storyboard; sourceTree = "<group>"; };
		5C000BE220491A31004F5EB5 /* Info.plist */ = {isa = PBXFileReference; lastKnownFileType = text.plist.xml; path = Info.plist; sourceTree = "<group>"; };
		5C000BE720491A31004F5EB5 /* WorldTrotterTests.xctest */ = {isa = PBXFileReference; explicitFileType = wrapper.cfbundle; includeInIndex = 0; path = WorldTrotterTests.xctest; sourceTree = BUILT_PRODUCTS_DIR; };
		5C000BEB20491A31004F5EB5 /* WorldTrotterTests.swift */ = {isa = PBXFileReference; lastKnownFileType = sourcecode.swift; path = WorldTrotterTests.swift; sourceTree = "<group>"; };
		5C000BED20491A31004F5EB5 /* Info.plist */ = {isa = PBXFileReference; lastKnownFileType = text.plist.xml; path = Info.plist; sourceTree = "<group>"; };
		5C000BF220491A31004F5EB5 /* WorldTrotterUITests.xctest */ = {isa = PBXFileReference; explicitFileType = wrapper.cfbundle; includeInIndex = 0; path = WorldTrotterUITests.xctest; sourceTree = BUILT_PRODUCTS_DIR; };
		5C000BF620491A31004F5EB5 /* WorldTrotterUITests.swift */ = {isa = PBXFileReference; lastKnownFileType = sourcecode.swift; path = WorldTrotterUITests.swift; sourceTree = "<group>"; };
		5C000BF820491A31004F5EB5 /* Info.plist */ = {isa = PBXFileReference; lastKnownFileType = text.plist.xml; path = Info.plist; sourceTree = "<group>"; };
/* End PBXFileReference section */

/* Begin PBXFrameworksBuildPhase section */
		5C000BD020491A31004F5EB5 /* Frameworks */ = {
			isa = PBXFrameworksBuildPhase;
			buildActionMask = 2147483647;
			files = (
			);
			runOnlyForDeploymentPostprocessing = 0;
		};
		5C000BE420491A31004F5EB5 /* Frameworks */ = {
			isa = PBXFrameworksBuildPhase;
			buildActionMask = 2147483647;
			files = (
			);
			runOnlyForDeploymentPostprocessing = 0;
		};
		5C000BEF20491A31004F5EB5 /* Frameworks */ = {
			isa = PBXFrameworksBuildPhase;
			buildActionMask = 2147483647;
			files = (
			);
			runOnlyForDeploymentPostprocessing = 0;
		};
/* End PBXFrameworksBuildPhase section */

/* Begin PBXGroup section */
		5C000BCA20491A31004F5EB5 = {
			isa = PBXGroup;
			children = (
				5C000BD520491A31004F5EB5 /* WorldTrotter */,
				5C000BEA20491A31004F5EB5 /* WorldTrotterTests */,
				5C000BF520491A31004F5EB5 /* WorldTrotterUITests */,
				5C000BD420491A31004F5EB5 /* Products */,
			);
			sourceTree = "<group>";
		};
		5C000BD420491A31004F5EB5 /* Products */ = {
			isa = PBXGroup;
			children = (
				5C000BD320491A31004F5EB5 /* WorldTrotter.app */,
				5C000BE720491A31004F5EB5 /* WorldTrotterTests.xctest */,
				5C000BF220491A31004F5EB5 /* WorldTrotterUITests.xctest */,
			);
			name = Products;
			sourceTree = "<group>";
		};
		5C000BD520491A31004F5EB5 /* WorldTrotter */ = {
			isa = PBXGroup;
			children = (
				5C000BD620491A31004F5EB5 /* AppDelegate.swift */,
				5C000BD820491A31004F5EB5 /* ViewController.swift */,
				5C000BDA20491A31004F5EB5 /* Main.storyboard */,
				5C000BDD20491A31004F5EB5 /* Assets.xcassets */,
				5C000BDF20491A31004F5EB5 /* LaunchScreen.storyboard */,
				5C000BE220491A31004F5EB5 /* Info.plist */,
			);
			path = WorldTrotter;
			sourceTree = "<group>";
		};
		5C000BEA20491A31004F5EB5 /* WorldTrotterTests */ = {
			isa = PBXGroup;
			children = (
				5C000BEB20491A31004F5EB5 /* WorldTrotterTests.swift */,
				5C000BED20491A31004F5EB5 /* Info.plist */,
			);
			path = WorldTrotterTests;
			sourceTree = "<group>";
		};
		5C000BF520491A31004F5EB5 /* WorldTrotterUITests */ = {
			isa = PBXGroup;
			children = (
				5C000BF620491A31004F5EB5 /* WorldTrotterUITests.swift */,
				5C000BF820491A31004F5EB5 /* Info.plist */,
			);
			path = WorldTrotterUITests;
			sourceTree = "<group>";
		};
/* End PBXGroup section */

/* Begin PBXNativeTarget section */
		5C000BD220491A31004F5EB5 /* WorldTrotter */ = {
			isa = PBXNativeTarget;
			buildConfigurationList = 5C000BFB20491A31004F5EB5 /* Build configuration list for PBXNativeTarget "WorldTrotter" */;
			buildPhases = (
				5C000BCF20491A31004F5EB5 /* Sources */,
				5C000BD020491A31004F5EB5 /* Frameworks */,
				5C000BD120491A31004F5EB5 /* Resources */,
			);
			buildRules = (
			);
			dependencies = (
			);
			name = WorldTrotter;
			productName = WorldTrotter;
			productReference = 5C000BD320491A31004F5EB5 /* WorldTrotter.app */;
			productType = "com.apple.product-type.application";
		};
		5C000BE620491A31004F5EB5 /* WorldTrotterTests */ = {
			isa = PBXNativeTarget;
			buildConfigurationList = 5C000BFE20491A31004F5EB5 /* Build configuration list for PBXNativeTarget "WorldTrotterTests" */;
			buildPhases = (
				5C000BE320491A31004F5EB5 /* Sources */,
				5C000BE420491A31004F5EB5 /* Frameworks */,
				5C000BE520491A31004F5EB5 /* Resources */,
			);
			buildRules = (
			);
			dependencies = (
				5C000BE920491A31004F5EB5 /* PBXTargetDependency */,
			);
			name = WorldTrotterTests;
			productName = WorldTrotterTests;
			productReference = 5C000BE720491A31004F5EB5 /* WorldTrotterTests.xctest */;
			productType = "com.apple.product-type.bundle.unit-test";
		};
		5C000BF120491A31004F5EB5 /* WorldTrotterUITests */ = {
			isa = PBXNativeTarget;
			buildConfigurationList = 5C000C0120491A31004F5EB5 /* Build configuration list for PBXNativeTarget "WorldTrotterUITests" */;
			buildPhases = (
				5C000BEE20491A31004F5EB5 /* Sources */,
				5C000BEF20491A31004F5EB5 /* Frameworks */,
				5C000BF020491A31004F5EB5 /* Resources */,
			);
			buildRules = (
			);
			dependencies = (
				5C000BF420491A31004F5EB5 /* PBXTargetDependency */,
			);
			name = WorldTrotterUITests;
			productName = WorldTrotterUITests;
			productReference = 5C000BF220491A31004F5EB5 /* WorldTrotterUITests.xctest */;
			productType = "com.apple.product-type.bundle.ui-testing";
		};
/* End PBXNativeTarget section */

/* Begin PBXProject section */
		5C000BCB20491A31004F5EB5 /* Project object */ = {
			isa = PBXProject;
			attributes = {
				LastSwiftUpdateCheck = 0900;
				LastUpgradeCheck = 0900;
				ORGANIZATIONNAME = Edgar;
				TargetAttributes = {
					5C000BD220491A31004F5EB5 = {
						CreatedOnToolsVersion = 9.0;
						ProvisioningStyle = Automatic;
					};
					5C000BE620491A31004F5EB5 = {
						CreatedOnToolsVersion = 9.0;
						ProvisioningStyle = Automatic;
						TestTargetID = 5C000BD220491A31004F5EB5;
					};
					5C000BF120491A31004F5EB5 = {
						CreatedOnToolsVersion = 9.0;
						ProvisioningStyle = Automatic;
						TestTargetID = 5C000BD220491A31004F5EB5;
					};
				};
			};
			buildConfigurationList = 5C000BCE20491A31004F5EB5 /* Build configuration list for PBXProject "WorldTrotter" */;
			compatibilityVersion = "Xcode 8.0";
			developmentRegion = en;
			hasScannedForEncodings = 0;
			knownRegions = (
				en,
				Base,
			);
			mainGroup = 5C000BCA20491A31004F5EB5;
			productRefGroup = 5C000BD420491A31004F5EB5 /* Products */;
			projectDirPath = "";
			projectRoot = "";
			targets = (
				5C000BD220491A31004F5EB5 /* WorldTrotter */,
				5C000BE620491A31004F5EB5 /* WorldTrotterTests */,
				5C000BF120491A31004F5EB5 /* WorldTrotterUITests */,
			);
		};
/* End PBXProject section */

/* Begin PBXResourcesBuildPhase section */
		5C000BD120491A31004F5EB5 /* Resources */ = {
			isa = PBXResourcesBuildPhase;
			buildActionMask = 2147483647;
			files = (
				5C000BE120491A31004F5EB5 /* LaunchScreen.storyboard in Resources */,
				5C000BDE20491A31004F5EB5 /* Assets.xcassets in Resources */,
				5C000BDC20491A31004F5EB5 /* Main.storyboard in Resources */,
			);
			runOnlyForDeploymentPostprocessing = 0;
		};
		5C000BE520491A31004F5EB5 /* Resources */ = {
			isa = PBXResourcesBuildPhase;
			buildActionMask = 2147483647;
			files = (
			);
			runOnlyForDeploymentPostprocessing = 0;
		};
		5C000BF020491A31004F5EB5 /* Resources */ = {
			isa = PBXResourcesBuildPhase;
			buildActionMask = 2147483647;
			files = (
			);
			runOnlyForDeploymentPostprocessing = 0;
		};
/* End PBXResourcesBuildPhase section */

/* Begin PBXSourcesBuildPhase section */
		5C000BCF20491A31004F5EB5 /* Sources */ = {
			isa = PBXSourcesBuildPhase;
			buildActionMask = 2147483647;
			files = (
				5C000BD920491A31004F5EB5 /* ViewController.swift in Sources */,
				5C000BD720491A31004F5EB5 /* AppDelegate.swift in Sources */,
			);
			runOnlyForDeploymentPostprocessing = 0;
		};
		5C000BE320491A31004F5EB5 /* Sources */ = {
			isa = PBXSourcesBuildPhase;
			buildActionMask = 2147483647;
			files = (
				5C000BEC20491A31004F5EB5 /* WorldTrotterTests.swift in Sources */,
			);
			runOnlyForDeploymentPostprocessing = 0;
		};
		5C000BEE20491A31004F5EB5 /* Sources */ = {
			isa = PBXSourcesBuildPhase;
			buildActionMask = 2147483647;
			files = (
				5C000BF720491A31004F5EB5 /* WorldTrotterUITests.swift in Sources */,
			);
			runOnlyForDeploymentPostprocessing = 0;
		};
/* End PBXSourcesBuildPhase section */

/* Begin PBXTargetDependency section */
		5C000BE920491A31004F5EB5 /* PBXTargetDependency */ = {
			isa = PBXTargetDependency;
			target = 5C000BD220491A31004F5EB5 /* WorldTrotter */;
			targetProxy = 5C000BE820491A31004F5EB5 /* PBXContainerItemProxy */;
		};
		5C000BF420491A31004F5EB5 /* PBXTargetDependency */ = {
			isa = PBXTargetDependency;
			target = 5C000BD220491A31004F5EB5 /* WorldTrotter */;
			targetProxy = 5C000BF320491A31004F5EB5 /* PBXContainerItemProxy */;
		};
/* End PBXTargetDependency section */

/* Begin PBXVariantGroup section */
		5C000BDA20491A31004F5EB5 /* Main.storyboard */ = {
			isa = PBXVariantGroup;
			children = (
				5C000BDB20491A31004F5EB5 /* Base */,
			);
			name = Main.storyboard;
			sourceTree = "<group>";
		};
		5C000BDF20491A31004F5EB5 /* LaunchScreen.storyboard */ = {
			isa = PBXVariantGroup;
			children = (
				5C000BE020491A31004F5EB5 /* Base */,
			);
			name = LaunchScreen.storyboard;
			sourceTree = "<group>";
		};
/* End PBXVariantGroup section */

/* Begin XCBuildConfiguration section */
		5C000BF920491A31004F5EB5 /* Debug */ = {
			isa = XCBuildConfiguration;
			buildSettings = {
				ALWAYS_SEARCH_USER_PATHS = NO;
				CLANG_ANALYZER_NONNULL = YES;
				CLANG_ANALYZER_NUMBER_OBJECT_CONVERSION = YES_AGGRESSIVE;
				CLANG_CXX_LANGUAGE_STANDARD = "gnu++14";
				CLANG_CXX_LIBRARY = "libc++";
				CLANG_ENABLE_MODULES = YES;
				CLANG_ENABLE_OBJC_ARC = YES;
				CLANG_WARN_BLOCK_CAPTURE_AUTORELEASING = YES;
				CLANG_WARN_BOOL_CONVERSION = YES;
				CLANG_WARN_COMMA = YES;
				CLANG_WARN_CONSTANT_CONVERSION = YES;
				CLANG_WARN_DIRECT_OBJC_ISA_USAGE = YES_ERROR;
				CLANG_WARN_DOCUMENTATION_COMMENTS = YES;
				CLANG_WARN_EMPTY_BODY = YES;
				CLANG_WARN_ENUM_CONVERSION = YES;
				CLANG_WARN_INFINITE_RECURSION = YES;
				CLANG_WARN_INT_CONVERSION = YES;
				CLANG_WARN_NON_LITERAL_NULL_CONVERSION = YES;
				CLANG_WARN_OBJC_LITERAL_CONVERSION = YES;
				CLANG_WARN_OBJC_ROOT_CLASS = YES_ERROR;
				CLANG_WARN_RANGE_LOOP_ANALYSIS = YES;
				CLANG_WARN_STRICT_PROTOTYPES = YES;
				CLANG_WARN_SUSPICIOUS_MOVE = YES;
				CLANG_WARN_UNGUARDED_AVAILABILITY = YES_AGGRESSIVE;
				CLANG_WARN_UNREACHABLE_CODE = YES;
				CLANG_WARN__DUPLICATE_METHOD_MATCH = YES;
				CODE_SIGN_IDENTITY = "iPhone Developer";
				COPY_PHASE_STRIP = NO;
				DEBUG_INFORMATION_FORMAT = dwarf;
				ENABLE_STRICT_OBJC_MSGSEND = YES;
				ENABLE_TESTABILITY = YES;
				GCC_C_LANGUAGE_STANDARD = gnu11;
				GCC_DYNAMIC_NO_PIC = NO;
				GCC_NO_COMMON_BLOCKS = YES;
				GCC_OPTIMIZATION_LEVEL = 0;
				GCC_PREPROCESSOR_DEFINITIONS = (
					"DEBUG=1",
					"$(inherited)",
				);
				GCC_WARN_64_TO_32_BIT_CONVERSION = YES;
				GCC_WARN_ABOUT_RETURN_TYPE = YES_ERROR;
				GCC_WARN_UNDECLARED_SELECTOR = YES;
				GCC_WARN_UNINITIALIZED_AUTOS = YES_AGGRESSIVE;
				GCC_WARN_UNUSED_FUNCTION = YES;
				GCC_WARN_UNUSED_VARIABLE = YES;
				IPHONEOS_DEPLOYMENT_TARGET = 11.0;
				MTL_ENABLE_DEBUG_INFO = YES;
				ONLY_ACTIVE_ARCH = YES;
				SDKROOT = iphoneos;
				SWIFT_ACTIVE_COMPILATION_CONDITIONS = DEBUG;
				SWIFT_OPTIMIZATION_LEVEL = "-Onone";
			};
			name = Debug;
		};
		5C000BFA20491A31004F5EB5 /* Release */ = {
			isa = XCBuildConfiguration;
			buildSettings = {
				ALWAYS_SEARCH_USER_PATHS = NO;
				CLANG_ANALYZER_NONNULL = YES;
				CLANG_ANALYZER_NUMBER_OBJECT_CONVERSION = YES_AGGRESSIVE;
				CLANG_CXX_LANGUAGE_STANDARD = "gnu++14";
				CLANG_CXX_LIBRARY = "libc++";
				CLANG_ENABLE_MODULES = YES;
				CLANG_ENABLE_OBJC_ARC = YES;
				CLANG_WARN_BLOCK_CAPTURE_AUTORELEASING = YES;
				CLANG_WARN_BOOL_CONVERSION = YES;
				CLANG_WARN_COMMA = YES;
				CLANG_WARN_CONSTANT_CONVERSION = YES;
				CLANG_WARN_DIRECT_OBJC_ISA_USAGE = YES_ERROR;
				CLANG_WARN_DOCUMENTATION_COMMENTS = YES;
				CLANG_WARN_EMPTY_BODY = YES;
				CLANG_WARN_ENUM_CONVERSION = YES;
				CLANG_WARN_INFINITE_RECURSION = YES;
				CLANG_WARN_INT_CONVERSION = YES;
				CLANG_WARN_NON_LITERAL_NULL_CONVERSION = YES;
				CLANG_WARN_OBJC_LITERAL_CONVERSION = YES;
				CLANG_WARN_OBJC_ROOT_CLASS = YES_ERROR;
				CLANG_WARN_RANGE_LOOP_ANALYSIS = YES;
				CLANG_WARN_STRICT_PROTOTYPES = YES;
				CLANG_WARN_SUSPICIOUS_MOVE = YES;
				CLANG_WARN_UNGUARDED_AVAILABILITY = YES_AGGRESSIVE;
				CLANG_WARN_UNREACHABLE_CODE = YES;
				CLANG_WARN__DUPLICATE_METHOD_MATCH = YES;
				CODE_SIGN_IDENTITY = "iPhone Developer";
				COPY_PHASE_STRIP = NO;
				DEBUG_INFORMATION_FORMAT = "dwarf-with-dsym";
				ENABLE_NS_ASSERTIONS = NO;
				ENABLE_STRICT_OBJC_MSGSEND = YES;
				GCC_C_LANGUAGE_STANDARD = gnu11;
				GCC_NO_COMMON_BLOCKS = YES;
				GCC_WARN_64_TO_32_BIT_CONVERSION = YES;
				GCC_WARN_ABOUT_RETURN_TYPE = YES_ERROR;
				GCC_WARN_UNDECLARED_SELECTOR = YES;
				GCC_WARN_UNINITIALIZED_AUTOS = YES_AGGRESSIVE;
				GCC_WARN_UNUSED_FUNCTION = YES;
				GCC_WARN_UNUSED_VARIABLE = YES;
				IPHONEOS_DEPLOYMENT_TARGET = 11.0;
				MTL_ENABLE_DEBUG_INFO = NO;
				SDKROOT = iphoneos;
				SWIFT_OPTIMIZATION_LEVEL = "-Owholemodule";
				VALIDATE_PRODUCT = YES;
			};
			name = Release;
		};
		5C000BFC20491A31004F5EB5 /* Debug */ = {
			isa = XCBuildConfiguration;
			buildSettings = {
				ASSETCATALOG_COMPILER_APPICON_NAME = AppIcon;
				CODE_SIGN_STYLE = Automatic;
				INFOPLIST_FILE = WorldTrotter/Info.plist;
				LD_RUNPATH_SEARCH_PATHS = "$(inherited) @executable_path/Frameworks";
				PRODUCT_BUNDLE_IDENTIFIER = UNAM.WorldTrotter;
				PRODUCT_NAME = "$(TARGET_NAME)";
				SWIFT_VERSION = 4.0;
				TARGETED_DEVICE_FAMILY = "1,2";
			};
			name = Debug;
		};
		5C000BFD20491A31004F5EB5 /* Release */ = {
			isa = XCBuildConfiguration;
			buildSettings = {
				ASSETCATALOG_COMPILER_APPICON_NAME = AppIcon;
				CODE_SIGN_STYLE = Automatic;
				INFOPLIST_FILE = WorldTrotter/Info.plist;
				LD_RUNPATH_SEARCH_PATHS = "$(inherited) @executable_path/Frameworks";
				PRODUCT_BUNDLE_IDENTIFIER = UNAM.WorldTrotter;
				PRODUCT_NAME = "$(TARGET_NAME)";
				SWIFT_VERSION = 4.0;
				TARGETED_DEVICE_FAMILY = "1,2";
			};
			name = Release;
		};
		5C000BFF20491A31004F5EB5 /* Debug */ = {
			isa = XCBuildConfiguration;
			buildSettings = {
				ALWAYS_EMBED_SWIFT_STANDARD_LIBRARIES = YES;
				BUNDLE_LOADER = "$(TEST_HOST)";
				CODE_SIGN_STYLE = Automatic;
				INFOPLIST_FILE = WorldTrotterTests/Info.plist;
				LD_RUNPATH_SEARCH_PATHS = "$(inherited) @executable_path/Frameworks @loader_path/Frameworks";
				PRODUCT_BUNDLE_IDENTIFIER = UNAM.WorldTrotterTests;
				PRODUCT_NAME = "$(TARGET_NAME)";
				SWIFT_VERSION = 4.0;
				TARGETED_DEVICE_FAMILY = "1,2";
				TEST_HOST = "$(BUILT_PRODUCTS_DIR)/WorldTrotter.app/WorldTrotter";
			};
			name = Debug;
		};
		5C000C0020491A31004F5EB5 /* Release */ = {
			isa = XCBuildConfiguration;
			buildSettings = {
				ALWAYS_EMBED_SWIFT_STANDARD_LIBRARIES = YES;
				BUNDLE_LOADER = "$(TEST_HOST)";
				CODE_SIGN_STYLE = Automatic;
				INFOPLIST_FILE = WorldTrotterTests/Info.plist;
				LD_RUNPATH_SEARCH_PATHS = "$(inherited) @executable_path/Frameworks @loader_path/Frameworks";
				PRODUCT_BUNDLE_IDENTIFIER = UNAM.WorldTrotterTests;
				PRODUCT_NAME = "$(TARGET_NAME)";
				SWIFT_VERSION = 4.0;
				TARGETED_DEVICE_FAMILY = "1,2";
				TEST_HOST = "$(BUILT_PRODUCTS_DIR)/WorldTrotter.app/WorldTrotter";
			};
			name = Release;
		};
		5C000C0220491A31004F5EB5 /* Debug */ = {
			isa = XCBuildConfiguration;
			buildSettings = {
				ALWAYS_EMBED_SWIFT_STANDARD_LIBRARIES = YES;
				CODE_SIGN_STYLE = Automatic;
				INFOPLIST_FILE = WorldTrotterUITests/Info.plist;
				LD_RUNPATH_SEARCH_PATHS = "$(inherited) @executable_path/Frameworks @loader_path/Frameworks";
				PRODUCT_BUNDLE_IDENTIFIER = UNAM.WorldTrotterUITests;
				PRODUCT_NAME = "$(TARGET_NAME)";
				SWIFT_VERSION = 4.0;
				TARGETED_DEVICE_FAMILY = "1,2";
				TEST_TARGET_NAME = WorldTrotter;
			};
			name = Debug;
		};
		5C000C0320491A31004F5EB5 /* Release */ = {
			isa = XCBuildConfiguration;
			buildSettings = {
				ALWAYS_EMBED_SWIFT_STANDARD_LIBRARIES = YES;
				CODE_SIGN_STYLE = Automatic;
				INFOPLIST_FILE = WorldTrotterUITests/Info.plist;
				LD_RUNPATH_SEARCH_PATHS = "$(inherited) @executable_path/Frameworks @loader_path/Frameworks";
				PRODUCT_BUNDLE_IDENTIFIER = UNAM.WorldTrotterUITests;
				PRODUCT_NAME = "$(TARGET_NAME)";
				SWIFT_VERSION = 4.0;
				TARGETED_DEVICE_FAMILY = "1,2";
				TEST_TARGET_NAME = WorldTrotter;
			};
			name = Release;
		};
/* End XCBuildConfiguration section */

/* Begin XCConfigurationList section */
		5C000BCE20491A31004F5EB5 /* Build configuration list for PBXProject "WorldTrotter" */ = {
			isa = XCConfigurationList;
			buildConfigurations = (
				5C000BF920491A31004F5EB5 /* Debug */,
				5C000BFA20491A31004F5EB5 /* Release */,
			);
			defaultConfigurationIsVisible = 0;
			defaultConfigurationName = Release;
		};
		5C000BFB20491A31004F5EB5 /* Build configuration list for PBXNativeTarget "WorldTrotter" */ = {
			isa = XCConfigurationList;
			buildConfigurations = (
				5C000BFC20491A31004F5EB5 /* Debug */,
				5C000BFD20491A31004F5EB5 /* Release */,
			);
			defaultConfigurationIsVisible = 0;
			defaultConfigurationName = Release;
		};
		5C000BFE20491A31004F5EB5 /* Build configuration list for PBXNativeTarget "WorldTrotterTests" */ = {
			isa = XCConfigurationList;
			buildConfigurations = (
				5C000BFF20491A31004F5EB5 /* Debug */,
				5C000C0020491A31004F5EB5 /* Release */,
			);
			defaultConfigurationIsVisible = 0;
			defaultConfigurationName = Release;
		};
		5C000C0120491A31004F5EB5 /* Build configuration list for PBXNativeTarget "WorldTrotterUITests" */ = {
			isa = XCConfigurationList;
			buildConfigurations = (
				5C000C0220491A31004F5EB5 /* Debug */,
				5C000C0320491A31004F5EB5 /* Release */,
			);
			defaultConfigurationIsVisible = 0;
			defaultConfigurationName = Release;
		};
/* End XCConfigurationList section */
	};
	rootObject = 5C000BCB20491A31004F5EB5 /* Project object */;
}
